Microsoft Visual Studio Solution File, Format Version 12.00
# Visual Studio Version 17
VisualStudioVersion = 17.5.2.0
MinimumVisualStudioVersion = 10.0.40219.1
Project("{FAE04EC0-301F-11D3-BF4B-00C04F79EFBC}") = "QCU.Backend", "QCU.Backend\QCU.Backend.csproj", "{6865D8EF-61A7-1DCE-E0A9-BF313D400CFE}"
EndProject
Global
	GlobalSection(SolutionConfigurationPlatforms) = preSolution
		Debug|Any CPU = Debug|Any CPU
		Release|Any CPU = Release|Any CPU
	EndGlobalSection
	GlobalSection(ProjectConfigurationPlatforms) = postSolution
		{6865D8EF-61A7-1DCE-E0A9-BF313D400CFE}.Debug|Any CPU.ActiveCfg = Debug|Any CPU
		{6865D8EF-61A7-1DCE-E0A9-BF313D400CFE}.Debug|Any CPU.Build.0 = Debug|Any CPU
		{6865D8EF-61A7-1DCE-E0A9-BF313D400CFE}.Release|Any CPU.ActiveCfg = Release|Any CPU
		{6865D8EF-61A7-1DCE-E0A9-BF313D400CFE}.Release|Any CPU.Build.0 = Release|Any CPU
	EndGlobalSection
	GlobalSection(SolutionProperties) = preSolution
		HideSolutionNode = FALSE
	EndGlobalSection
	GlobalSection(ExtensibilityGlobals) = postSolution
		SolutionGuid = {D2E27D3B-7202-4DB4-B347-F7051946FF9A}
	EndGlobalSection
EndGlobal
